{
  "nodes": {
    "blake3": {
      "flake": false,
      "locked": {
        "lastModified": 1745192552,
        "narHash": "sha256-IABVErXWYQFXZcwsFKfQhm3ox7UZUcW5uzVrGwsSp94=",
        "owner": "BLAKE3-team",
        "repo": "BLAKE3",
        "rev": "df610ddc3b93841ffc59a87e3da659a15910eb46",
        "type": "github"
      },
      "original": {
        "owner": "BLAKE3-team",
        "ref": "refs/tags/1.8.2",
        "repo": "BLAKE3",
        "type": "github"
      }
    },
    "blake3-lean": {
      "inputs": {
        "blake3": "blake3_2",
        "flake-parts": "flake-parts",
        "lean4-nix": "lean4-nix",
        "nixpkgs": [
          "lean4-nix",
          "nixpkgs"
        ]
      },
      "locked": {
        "lastModified": 1765602345,
        "narHash": "sha256-FWyiv5M4qHyOzm6E0SeuumQXP+0K1vJVCRb0Tn8NNOc=",
        "owner": "argumentcomputer",
        "repo": "Blake3.lean",
        "rev": "1dc03fe74d74c2f33303b4aa60736599e9ee8667",
        "type": "github"
      },
      "original": {
        "owner": "argumentcomputer",
        "ref": "nix-lake",
        "repo": "Blake3.lean",
        "type": "github"
      }
    },
    "blake3_2": {
      "flake": false,
      "locked": {
        "lastModified": 1745192552,
        "narHash": "sha256-IABVErXWYQFXZcwsFKfQhm3ox7UZUcW5uzVrGwsSp94=",
        "owner": "BLAKE3-team",
        "repo": "BLAKE3",
        "rev": "df610ddc3b93841ffc59a87e3da659a15910eb46",
        "type": "github"
      },
      "original": {
        "owner": "BLAKE3-team",
        "ref": "refs/tags/1.8.2",
        "repo": "BLAKE3",
        "type": "github"
      }
    },
    "crane": {
      "locked": {
        "lastModified": 1762538466,
        "narHash": "sha256-8zrIPl6J+wLm9MH5ksHcW7BUHo7jSNOu0/hA0ohOOaM=",
        "owner": "ipetkov",
        "repo": "crane",
        "rev": "0cea393fffb39575c46b7a0318386467272182fe",
        "type": "github"
      },
      "original": {
        "owner": "ipetkov",
        "repo": "crane",
        "type": "github"
      }
    },
    "fenix": {
      "inputs": {
        "nixpkgs": [
          "lean4-nix",
          "nixpkgs"
        ],
        "rust-analyzer-src": "rust-analyzer-src"
      },
      "locked": {
        "lastModified": 1763016383,
        "narHash": "sha256-eYmo7FNvm3q08iROzwIi8i9dWuUbJJl3uLR3OLnSmdI=",
        "owner": "nix-community",
        "repo": "fenix",
        "rev": "0fad5c0e5c531358e7174cd666af4608f08bc3ba",
        "type": "github"
      },
      "original": {
        "owner": "nix-community",
        "repo": "fenix",
        "type": "github"
      }
    },
    "flake-parts": {
      "inputs": {
        "nixpkgs-lib": "nixpkgs-lib"
      },
      "locked": {
        "lastModified": 1765495779,
        "narHash": "sha256-MhA7wmo/7uogLxiewwRRmIax70g6q1U/YemqTGoFHlM=",
        "owner": "hercules-ci",
        "repo": "flake-parts",
        "rev": "5635c32d666a59ec9a55cab87e898889869f7b71",
        "type": "github"
      },
      "original": {
        "owner": "hercules-ci",
        "repo": "flake-parts",
        "type": "github"
      }
    },
    "flake-parts_2": {
      "inputs": {
        "nixpkgs-lib": "nixpkgs-lib_2"
      },
      "locked": {
        "lastModified": 1727826117,
        "narHash": "sha256-K5ZLCyfO/Zj9mPFldf3iwS6oZStJcU4tSpiXTMYaaL0=",
        "owner": "hercules-ci",
        "repo": "flake-parts",
        "rev": "3d04084d54bedc3d6b8b736c70ef449225c361b1",
        "type": "github"
      },
      "original": {
        "owner": "hercules-ci",
        "repo": "flake-parts",
        "type": "github"
      }
    },
    "flake-parts_3": {
      "inputs": {
        "nixpkgs-lib": "nixpkgs-lib_3"
      },
      "locked": {
        "lastModified": 1762980239,
        "narHash": "sha256-8oNVE8TrD19ulHinjaqONf9QWCKK+w4url56cdStMpM=",
        "owner": "hercules-ci",
        "repo": "flake-parts",
        "rev": "52a2caecc898d0b46b2b905f058ccc5081f842da",
        "type": "github"
      },
      "original": {
        "owner": "hercules-ci",
        "repo": "flake-parts",
        "type": "github"
      }
    },
    "flake-parts_4": {
      "inputs": {
        "nixpkgs-lib": "nixpkgs-lib_4"
      },
      "locked": {
        "lastModified": 1727826117,
        "narHash": "sha256-K5ZLCyfO/Zj9mPFldf3iwS6oZStJcU4tSpiXTMYaaL0=",
        "owner": "hercules-ci",
        "repo": "flake-parts",
        "rev": "3d04084d54bedc3d6b8b736c70ef449225c361b1",
        "type": "github"
      },
      "original": {
        "owner": "hercules-ci",
        "repo": "flake-parts",
        "type": "github"
      }
    },
    "lean4-nix": {
      "inputs": {
        "flake-parts": "flake-parts_2",
        "nixpkgs": "nixpkgs"
      },
      "locked": {
        "lastModified": 1765602315,
        "narHash": "sha256-edzV+L6baLm9gF1Bzxu9DqDcCFA8u/1/eYdc+Tq7kX8=",
        "owner": "argumentcomputer",
        "repo": "lean4-nix",
        "rev": "9eda9f3a49e5ee23594b314c6889eb7fa09b6da7",
        "type": "github"
      },
      "original": {
        "owner": "argumentcomputer",
        "ref": "lake-incremental",
        "repo": "lean4-nix",
        "type": "github"
      }
    },
    "lean4-nix_2": {
      "inputs": {
        "flake-parts": "flake-parts_4",
        "nixpkgs": "nixpkgs_2"
      },
      "locked": {
        "lastModified": 1765602315,
        "narHash": "sha256-edzV+L6baLm9gF1Bzxu9DqDcCFA8u/1/eYdc+Tq7kX8=",
        "owner": "argumentcomputer",
        "repo": "lean4-nix",
        "rev": "9eda9f3a49e5ee23594b314c6889eb7fa09b6da7",
        "type": "github"
      },
      "original": {
        "owner": "argumentcomputer",
        "ref": "lake-incremental",
        "repo": "lean4-nix",
        "type": "github"
      }
    },
    "nixpkgs": {
      "locked": {
        "lastModified": 1743095683,
        "narHash": "sha256-gWd4urRoLRe8GLVC/3rYRae1h+xfQzt09xOfb0PaHSk=",
        "owner": "nixos",
        "repo": "nixpkgs",
        "rev": "5e5402ecbcb27af32284d4a62553c019a3a49ea6",
        "type": "github"
      },
      "original": {
        "owner": "nixos",
        "ref": "nixos-unstable",
        "repo": "nixpkgs",
        "type": "github"
      }
    },
    "nixpkgs-lib": {
      "locked": {
        "lastModified": 1761765539,
        "narHash": "sha256-b0yj6kfvO8ApcSE+QmA6mUfu8IYG6/uU28OFn4PaC8M=",
        "owner": "nix-community",
        "repo": "nixpkgs.lib",
        "rev": "719359f4562934ae99f5443f20aa06c2ffff91fc",
        "type": "github"
      },
      "original": {
        "owner": "nix-community",
        "repo": "nixpkgs.lib",
        "type": "github"
      }
    },
    "nixpkgs-lib_2": {
      "locked": {
        "lastModified": 1727825735,
        "narHash": "sha256-0xHYkMkeLVQAMa7gvkddbPqpxph+hDzdu1XdGPJR+Os=",
        "type": "tarball",
        "url": "https://github.com/NixOS/nixpkgs/archive/fb192fec7cc7a4c26d51779e9bab07ce6fa5597a.tar.gz"
      },
      "original": {
        "type": "tarball",
        "url": "https://github.com/NixOS/nixpkgs/archive/fb192fec7cc7a4c26d51779e9bab07ce6fa5597a.tar.gz"
      }
    },
    "nixpkgs-lib_3": {
      "locked": {
        "lastModified": 1761765539,
        "narHash": "sha256-b0yj6kfvO8ApcSE+QmA6mUfu8IYG6/uU28OFn4PaC8M=",
        "owner": "nix-community",
        "repo": "nixpkgs.lib",
        "rev": "719359f4562934ae99f5443f20aa06c2ffff91fc",
        "type": "github"
      },
      "original": {
        "owner": "nix-community",
        "repo": "nixpkgs.lib",
        "type": "github"
      }
    },
    "nixpkgs-lib_4": {
      "locked": {
        "lastModified": 1727825735,
        "narHash": "sha256-0xHYkMkeLVQAMa7gvkddbPqpxph+hDzdu1XdGPJR+Os=",
        "type": "tarball",
        "url": "https://github.com/NixOS/nixpkgs/archive/fb192fec7cc7a4c26d51779e9bab07ce6fa5597a.tar.gz"
      },
      "original": {
        "type": "tarball",
        "url": "https://github.com/NixOS/nixpkgs/archive/fb192fec7cc7a4c26d51779e9bab07ce6fa5597a.tar.gz"
      }
    },
    "nixpkgs_2": {
      "locked": {
        "lastModified": 1743095683,
        "narHash": "sha256-gWd4urRoLRe8GLVC/3rYRae1h+xfQzt09xOfb0PaHSk=",
        "owner": "nixos",
        "repo": "nixpkgs",
        "rev": "5e5402ecbcb27af32284d4a62553c019a3a49ea6",
        "type": "github"
      },
      "original": {
        "owner": "nixos",
        "ref": "nixos-unstable",
        "repo": "nixpkgs",
        "type": "github"
      }
    },
    "root": {
      "inputs": {
        "blake3": "blake3",
        "blake3-lean": "blake3-lean",
        "crane": "crane",
        "fenix": "fenix",
        "flake-parts": "flake-parts_3",
        "lean4-nix": "lean4-nix_2",
        "nixpkgs": [
          "lean4-nix",
          "nixpkgs"
        ]
      }
    },
    "rust-analyzer-src": {
      "flake": false,
      "locked": {
        "lastModified": 1762860488,
        "narHash": "sha256-rMfWMCOo/pPefM2We0iMBLi2kLBAnYoB9thi4qS7uk4=",
        "owner": "rust-lang",
        "repo": "rust-analyzer",
        "rev": "2efc80078029894eec0699f62ec8d5c1a56af763",
        "type": "github"
      },
      "original": {
        "owner": "rust-lang",
        "ref": "nightly",
        "repo": "rust-analyzer",
        "type": "github"
      }
    }
  },
  "root": "root",
  "version": 7
}
